// !$*UTF8*$!
{
	archiveVersion = 1;
	classes = {
	};
	objectVersion = 55;
	objects = {

/* Begin PBXBuildFile section */
		5BC4115D27B5314F00714C99 /* AppDelegate.swift in Sources */ = {isa = PBXBuildFile; fileRef = 5BC4115C27B5314F00714C99 /* AppDelegate.swift */; };
		5BC4115F27B5314F00714C99 /* SceneDelegate.swift in Sources */ = {isa = PBXBuildFile; fileRef = 5BC4115E27B5314F00714C99 /* SceneDelegate.swift */; };
		5BC4116127B5314F00714C99 /* ViewController.swift in Sources */ = {isa = PBXBuildFile; fileRef = 5BC4116027B5314F00714C99 /* ViewController.swift */; };
		5BC4116427B5314F00714C99 /* Main.storyboard in Resources */ = {isa = PBXBuildFile; fileRef = 5BC4116227B5314F00714C99 /* Main.storyboard */; };
		5BC4116627B5314F00714C99 /* Assets.xcassets in Resources */ = {isa = PBXBuildFile; fileRef = 5BC4116527B5314F00714C99 /* Assets.xcassets */; };
		5BC4116927B5314F00714C99 /* LaunchScreen.storyboard in Resources */ = {isa = PBXBuildFile; fileRef = 5BC4116727B5314F00714C99 /* LaunchScreen.storyboard */; };
		5BC4117427B5315000714C99 /* photolibraryTests.swift in Sources */ = {isa = PBXBuildFile; fileRef = 5BC4117327B5315000714C99 /* photolibraryTests.swift */; };
		5BC4117E27B5315000714C99 /* photolibraryUITests.swift in Sources */ = {isa = PBXBuildFile; fileRef = 5BC4117D27B5315000714C99 /* photolibraryUITests.swift */; };
		5BC4118027B5315000714C99 /* photolibraryUITestsLaunchTests.swift in Sources */ = {isa = PBXBuildFile; fileRef = 5BC4117F27B5315000714C99 /* photolibraryUITestsLaunchTests.swift */; };
		CFD4C7CC7B2EE01BAA53EFC3 /* Pods_photolibrary.framework in Frameworks */ = {isa = PBXBuildFile; fileRef = 8A497E5DAE52D1E83D05EA5A /* Pods_photolibrary.framework */; };
/* End PBXBuildFile section */

/* Begin PBXContainerItemProxy section */
		5BC4117027B5315000714C99 /* PBXContainerItemProxy */ = {
			isa = PBXContainerItemProxy;
			containerPortal = 5BC4115127B5314F00714C99 /* Project object */;
			proxyType = 1;
			remoteGlobalIDString = 5BC4115827B5314F00714C99;
			remoteInfo = photolibrary;
		};
		5BC4117A27B5315000714C99 /* PBXContainerItemProxy */ = {
			isa = PBXContainerItemProxy;
			containerPortal = 5BC4115127B5314F00714C99 /* Project object */;
			proxyType = 1;
			remoteGlobalIDString = 5BC4115827B5314F00714C99;
			remoteInfo = photolibrary;
		};
/* End PBXContainerItemProxy section */

/* Begin PBXFileReference section */
		5BC4115927B5314F00714C99 /* photolibrary.app */ = {isa = PBXFileReference; explicitFileType = wrapper.application; includeInIndex = 0; path = photolibrary.app; sourceTree = BUILT_PRODUCTS_DIR; };
		5BC4115C27B5314F00714C99 /* AppDelegate.swift */ = {isa = PBXFileReference; lastKnownFileType = sourcecode.swift; path = AppDelegate.swift; sourceTree = "<group>"; };
		5BC4115E27B5314F00714C99 /* SceneDelegate.swift */ = {isa = PBXFileReference; lastKnownFileType = sourcecode.swift; path = SceneDelegate.swift; sourceTree = "<group>"; };
		5BC4116027B5314F00714C99 /* ViewController.swift */ = {isa = PBXFileReference; lastKnownFileType = sourcecode.swift; path = ViewController.swift; sourceTree = "<group>"; };
		5BC4116327B5314F00714C99 /* Base */ = {isa = PBXFileReference; lastKnownFileType = file.storyboard; name = Base; path = Base.lproj/Main.storyboard; sourceTree = "<group>"; };
		5BC4116527B5314F00714C99 /* Assets.xcassets */ = {isa = PBXFileReference; lastKnownFileType = folder.assetcatalog; path = Assets.xcassets; sourceTree = "<group>"; };
		5BC4116827B5314F00714C99 /* Base */ = {isa = PBXFileReference; lastKnownFileType = file.storyboard; name = Base; path = Base.lproj/LaunchScreen.storyboard; sourceTree = "<group>"; };
		5BC4116A27B5314F00714C99 /* Info.plist */ = {isa = PBXFileReference; lastKnownFileType = text.plist.xml; path = Info.plist; sourceTree = "<group>"; };
		5BC4116F27B5315000714C99 /* photolibraryTests.xctest */ = {isa = PBXFileReference; explicitFileType = wrapper.cfbundle; includeInIndex = 0; path = photolibraryTests.xctest; sourceTree = BUILT_PRODUCTS_DIR; };
		5BC4117327B5315000714C99 /* photolibraryTests.swift */ = {isa = PBXFileReference; lastKnownFileType = sourcecode.swift; path = photolibraryTests.swift; sourceTree = "<group>"; };
		5BC4117927B5315000714C99 /* photolibraryUITests.xctest */ = {isa = PBXFileReference; explicitFileType = wrapper.cfbundle; includeInIndex = 0; path = photolibraryUITests.xctest; sourceTree = BUILT_PRODUCTS_DIR; };
		5BC4117D27B5315000714C99 /* photolibraryUITests.swift */ = {isa = PBXFileReference; lastKnownFileType = sourcecode.swift; path = photolibraryUITests.swift; sourceTree = "<group>"; };
		5BC4117F27B5315000714C99 /* photolibraryUITestsLaunchTests.swift */ = {isa = PBXFileReference; lastKnownFileType = sourcecode.swift; path = photolibraryUITestsLaunchTests.swift; sourceTree = "<group>"; };
		71F9195AA0E8CDE4137DE7A0 /* Pods-photolibrary.debug.xcconfig */ = {isa = PBXFileReference; includeInIndex = 1; lastKnownFileType = text.xcconfig; name = "Pods-photolibrary.debug.xcconfig"; path = "Target Support Files/Pods-photolibrary/Pods-photolibrary.debug.xcconfig"; sourceTree = "<group>"; };
		8A497E5DAE52D1E83D05EA5A /* Pods_photolibrary.framework */ = {isa = PBXFileReference; explicitFileType = wrapper.framework; includeInIndex = 0; path = Pods_photolibrary.framework; sourceTree = BUILT_PRODUCTS_DIR; };
		9009FE1F758C95B54151BD8A /* Pods-photolibrary.release.xcconfig */ = {isa = PBXFileReference; includeInIndex = 1; lastKnownFileType = text.xcconfig; name = "Pods-photolibrary.release.xcconfig"; path = "Target Support Files/Pods-photolibrary/Pods-photolibrary.release.xcconfig"; sourceTree = "<group>"; };
/* End PBXFileReference section */

/* Begin PBXFrameworksBuildPhase section */
		5BC4115627B5314F00714C99 /* Frameworks */ = {
			isa = PBXFrameworksBuildPhase;
			buildActionMask = 2147483647;
			files = (
				CFD4C7CC7B2EE01BAA53EFC3 /* Pods_photolibrary.framework in Frameworks */,
			);
			runOnlyForDeploymentPostprocessing = 0;
		};
		5BC4116C27B5315000714C99 /* Frameworks */ = {
			isa = PBXFrameworksBuildPhase;
			buildActionMask = 2147483647;
			files = (
			);
			runOnlyForDeploymentPostprocessing = 0;
		};
		5BC4117627B5315000714C99 /* Frameworks */ = {
			isa = PBXFrameworksBuildPhase;
			buildActionMask = 2147483647;
			files = (
			);
			runOnlyForDeploymentPostprocessing = 0;
		};
/* End PBXFrameworksBuildPhase section */

/* Begin PBXGroup section */
		5BC4115027B5314F00714C99 = {
			isa = PBXGroup;
			children = (
				5BC4115B27B5314F00714C99 /* photolibrary */,
				5BC4117227B5315000714C99 /* photolibraryTests */,
				5BC4117C27B5315000714C99 /* photolibraryUITests */,
				5BC4115A27B5314F00714C99 /* Products */,
				CAEBBFA85E667BEA79B27843 /* Pods */,
				64D635D88D5FEA85A1088BB6 /* Frameworks */,
			);
			sourceTree = "<group>";
		};
		5BC4115A27B5314F00714C99 /* Products */ = {
			isa = PBXGroup;
			children = (
				5BC4115927B5314F00714C99 /* photolibrary.app */,
				5BC4116F27B5315000714C99 /* photolibraryTests.xctest */,
				5BC4117927B5315000714C99 /* photolibraryUITests.xctest */,
			);
			name = Products;
			sourceTree = "<group>";
		};
		5BC4115B27B5314F00714C99 /* photolibrary */ = {
			isa = PBXGroup;
			children = (
				5BC4115C27B5314F00714C99 /* AppDelegate.swift */,
				5BC4115E27B5314F00714C99 /* SceneDelegate.swift */,
				5BC4116027B5314F00714C99 /* ViewController.swift */,
				5BC4116227B5314F00714C99 /* Main.storyboard */,
				5BC4116527B5314F00714C99 /* Assets.xcassets */,
				5BC4116727B5314F00714C99 /* LaunchScreen.storyboard */,
				5BC4116A27B5314F00714C99 /* Info.plist */,
			);
			path = photolibrary;
			sourceTree = "<group>";
		};
		5BC4117227B5315000714C99 /* photolibraryTests */ = {
			isa = PBXGroup;
			children = (
				5BC4117327B5315000714C99 /* photolibraryTests.swift */,
			);
			path = photolibraryTests;
			sourceTree = "<group>";
		};
		5BC4117C27B5315000714C99 /* photolibraryUITests */ = {
			isa = PBXGroup;
			children = (
				5BC4117D27B5315000714C99 /* photolibraryUITests.swift */,
				5BC4117F27B5315000714C99 /* photolibraryUITestsLaunchTests.swift */,
			);
			path = photolibraryUITests;
			sourceTree = "<group>";
		};
		64D635D88D5FEA85A1088BB6 /* Frameworks */ = {
			isa = PBXGroup;
			children = (
				8A497E5DAE52D1E83D05EA5A /* Pods_photolibrary.framework */,
			);
			name = Frameworks;
			sourceTree = "<group>";
		};
		CAEBBFA85E667BEA79B27843 /* Pods */ = {
			isa = PBXGroup;
			children = (
				71F9195AA0E8CDE4137DE7A0 /* Pods-photolibrary.debug.xcconfig */,
				9009FE1F758C95B54151BD8A /* Pods-photolibrary.release.xcconfig */,
			);
			name = Pods;
			path = Pods;
			sourceTree = "<group>";
		};
/* End PBXGroup section */

/* Begin PBXNativeTarget section */
		5BC4115827B5314F00714C99 /* photolibrary */ = {
			isa = PBXNativeTarget;
			buildConfigurationList = 5BC4118327B5315000714C99 /* Build configuration list for PBXNativeTarget "photolibrary" */;
			buildPhases = (
				816552335E9E8342E8DC867F /* [CP] Check Pods Manifest.lock */,
				5BC4115527B5314F00714C99 /* Sources */,
				5BC4115627B5314F00714C99 /* Frameworks */,
				5BC4115727B5314F00714C99 /* Resources */,
				B27C94B22C96430798FDD97F /* [CP] Embed Pods Frameworks */,
			);
			buildRules = (
			);
			dependencies = (
			);
			name = photolibrary;
			productName = photolibrary;
			productReference = 5BC4115927B5314F00714C99 /* photolibrary.app */;
			productType = "com.apple.product-type.application";
		};
		5BC4116E27B5315000714C99 /* photolibraryTests */ = {
			isa = PBXNativeTarget;
			buildConfigurationList = 5BC4118627B5315000714C99 /* Build configuration list for PBXNativeTarget "photolibraryTests" */;
			buildPhases = (
				5BC4116B27B5315000714C99 /* Sources */,
				5BC4116C27B5315000714C99 /* Frameworks */,
				5BC4116D27B5315000714C99 /* Resources */,
			);
			buildRules = (
			);
			dependencies = (
				5BC4117127B5315000714C99 /* PBXTargetDependency */,
			);
			name = photolibraryTests;
			productName = photolibraryTests;
			productReference = 5BC4116F27B5315000714C99 /* photolibraryTests.xctest */;
			productType = "com.apple.product-type.bundle.unit-test";
		};
		5BC4117827B5315000714C99 /* photolibraryUITests */ = {
			isa = PBXNativeTarget;
			buildConfigurationList = 5BC4118927B5315000714C99 /* Build configuration list for PBXNativeTarget "photolibraryUITests" */;
			buildPhases = (
				5BC4117527B5315000714C99 /* Sources */,
				5BC4117627B5315000714C99 /* Frameworks */,
				5BC4117727B5315000714C99 /* Resources */,
			);
			buildRules = (
			);
			dependencies = (
				5BC4117B27B5315000714C99 /* PBXTargetDependency */,
			);
			name = photolibraryUITests;
			productName = photolibraryUITests;
			productReference = 5BC4117927B5315000714C99 /* photolibraryUITests.xctest */;
			productType = "com.apple.product-type.bundle.ui-testing";
		};
/* End PBXNativeTarget section */

/* Begin PBXProject section */
		5BC4115127B5314F00714C99 /* Project object */ = {
			isa = PBXProject;
			attributes = {
				BuildIndependentTargetsInParallel = 1;
				LastSwiftUpdateCheck = 1320;
				LastUpgradeCheck = 1320;
				TargetAttributes = {
					5BC4115827B5314F00714C99 = {
						CreatedOnToolsVersion = 13.2;
					};
					5BC4116E27B5315000714C99 = {
						CreatedOnToolsVersion = 13.2;
						TestTargetID = 5BC4115827B5314F00714C99;
					};
					5BC4117827B5315000714C99 = {
						CreatedOnToolsVersion = 13.2;
						TestTargetID = 5BC4115827B5314F00714C99;
					};
				};
			};
			buildConfigurationList = 5BC4115427B5314F00714C99 /* Build configuration list for PBXProject "photolibrary" */;
			compatibilityVersion = "Xcode 13.0";
			developmentRegion = en;
			hasScannedForEncodings = 0;
			knownRegions = (
				en,
				Base,
			);
			mainGroup = 5BC4115027B5314F00714C99;
			productRefGroup = 5BC4115A27B5314F00714C99 /* Products */;
			projectDirPath = "";
			projectRoot = "";
			targets = (
				5BC4115827B5314F00714C99 /* photolibrary */,
				5BC4116E27B5315000714C99 /* photolibraryTests */,
				5BC4117827B5315000714C99 /* photolibraryUITests */,
			);
		};
/* End PBXProject section */

/* Begin PBXResourcesBuildPhase section */
		5BC4115727B5314F00714C99 /* Resources */ = {
			isa = PBXResourcesBuildPhase;
			buildActionMask = 2147483647;
			files = (
				5BC4116927B5314F00714C99 /* LaunchScreen.storyboard in Resources */,
				5BC4116627B5314F00714C99 /* Assets.xcassets in Resources */,
				5BC4116427B5314F00714C99 /* Main.storyboard in Resources */,
			);
			runOnlyForDeploymentPostprocessing = 0;
		};
		5BC4116D27B5315000714C99 /* Resources */ = {
			isa = PBXResourcesBuildPhase;
			buildActionMask = 2147483647;
			files = (
			);
			runOnlyForDeploymentPostprocessing = 0;
		};
		5BC4117727B5315000714C99 /* Resources */ = {
			isa = PBXResourcesBuildPhase;
			buildActionMask = 2147483647;
			files = (
			);
			runOnlyForDeploymentPostprocessing = 0;
		};
/* End PBXResourcesBuildPhase section */

/* Begin PBXShellScriptBuildPhase section */
		816552335E9E8342E8DC867F /* [CP] Check Pods Manifest.lock */ = {
			isa = PBXShellScriptBuildPhase;
			buildActionMask = 2147483647;
			files = (
			);
			inputFileListPaths = (
			);
			inputPaths = (
				"${PODS_PODFILE_DIR_PATH}/Podfile.lock",
				"${PODS_ROOT}/Manifest.lock",
			);
			name = "[CP] Check Pods Manifest.lock";
			outputFileListPaths = (
			);
			outputPaths = (
				"$(DERIVED_FILE_DIR)/Pods-photolibrary-checkManifestLockResult.txt",
			);
			runOnlyForDeploymentPostprocessing = 0;
			shellPath = /bin/sh;
			shellScript = "diff \"${PODS_PODFILE_DIR_PATH}/Podfile.lock\" \"${PODS_ROOT}/Manifest.lock\" > /dev/null\nif [ $? != 0 ] ; then\n    # print error to STDERR\n    echo \"error: The sandbox is not in sync with the Podfile.lock. Run 'pod install' or update your CocoaPods installation.\" >&2\n    exit 1\nfi\n# This output is used by Xcode 'outputs' to avoid re-running this script phase.\necho \"SUCCESS\" > \"${SCRIPT_OUTPUT_FILE_0}\"\n";
			showEnvVarsInLog = 0;
		};
		B27C94B22C96430798FDD97F /* [CP] Embed Pods Frameworks */ = {
			isa = PBXShellScriptBuildPhase;
			buildActionMask = 2147483647;
			files = (
			);
			inputFileListPaths = (
				"${PODS_ROOT}/Target Support Files/Pods-photolibrary/Pods-photolibrary-frameworks-${CONFIGURATION}-input-files.xcfilelist",
			);
			name = "[CP] Embed Pods Frameworks";
			outputFileListPaths = (
				"${PODS_ROOT}/Target Support Files/Pods-photolibrary/Pods-photolibrary-frameworks-${CONFIGURATION}-output-files.xcfilelist",
			);
			runOnlyForDeploymentPostprocessing = 0;
			shellPath = /bin/sh;
			shellScript = "\"${PODS_ROOT}/Target Support Files/Pods-photolibrary/Pods-photolibrary-frameworks.sh\"\n";
			showEnvVarsInLog = 0;
		};
/* End PBXShellScriptBuildPhase section */

/* Begin PBXSourcesBuildPhase section */
		5BC4115527B5314F00714C99 /* Sources */ = {
			isa = PBXSourcesBuildPhase;
			buildActionMask = 2147483647;
			files = (
				5BC4116127B5314F00714C99 /* ViewController.swift in Sources */,
				5BC4115D27B5314F00714C99 /* AppDelegate.swift in Sources */,
				5BC4115F27B5314F00714C99 /* SceneDelegate.swift in Sources */,
			);
			runOnlyForDeploymentPostprocessing = 0;
		};
		5BC4116B27B5315000714C99 /* Sources */ = {
			isa = PBXSourcesBuildPhase;
			buildActionMask = 2147483647;
			files = (
				5BC4117427B5315000714C99 /* photolibraryTests.swift in Sources */,
			);
			runOnlyForDeploymentPostprocessing = 0;
		};
		5BC4117527B5315000714C99 /* Sources */ = {
			isa = PBXSourcesBuildPhase;
			buildActionMask = 2147483647;
			files = (
				5BC4117E27B5315000714C99 /* photolibraryUITests.swift in Sources */,
				5BC4118027B5315000714C99 /* photolibraryUITestsLaunchTests.swift in Sources */,
			);
			runOnlyForDeploymentPostprocessing = 0;
		};
/* End PBXSourcesBuildPhase section */

/* Begin PBXTargetDependency section */
		5BC4117127B5315000714C99 /* PBXTargetDependency */ = {
			isa = PBXTargetDependency;
			target = 5BC4115827B5314F00714C99 /* photolibrary */;
			targetProxy = 5BC4117027B5315000714C99 /* PBXContainerItemProxy */;
		};
		5BC4117B27B5315000714C99 /* PBXTargetDependency */ = {
			isa = PBXTargetDependency;
			target = 5BC4115827B5314F00714C99 /* photolibrary */;
			targetProxy = 5BC4117A27B5315000714C99 /* PBXContainerItemProxy */;
		};
/* End PBXTargetDependency section */

/* Begin PBXVariantGroup section */
		5BC4116227B5314F00714C99 /* Main.storyboard */ = {
			isa = PBXVariantGroup;
			children = (
				5BC4116327B5314F00714C99 /* Base */,
			);
			name = Main.storyboard;
			sourceTree = "<group>";
		};
		5BC4116727B5314F00714C99 /* LaunchScreen.storyboard */ = {
			isa = PBXVariantGroup;
			children = (
				5BC4116827B5314F00714C99 /* Base */,
			);
			name = LaunchScreen.storyboard;
			sourceTree = "<group>";
		};
/* End PBXVariantGroup section */

/* Begin XCBuildConfiguration section */
		5BC4118127B5315000714C99 /* Debug */ = {
			isa = XCBuildConfiguration;
			buildSettings = {
				ALWAYS_SEARCH_USER_PATHS = NO;
				CLANG_ANALYZER_NONNULL = YES;
				CLANG_ANALYZER_NUMBER_OBJECT_CONVERSION = YES_AGGRESSIVE;
				CLANG_CXX_LANGUAGE_STANDARD = "gnu++17";
				CLANG_CXX_LIBRARY = "libc++";
				CLANG_ENABLE_MODULES = YES;
				CLANG_ENABLE_OBJC_ARC = YES;
				CLANG_ENABLE_OBJC_WEAK = YES;
				CLANG_WARN_BLOCK_CAPTURE_AUTORELEASING = YES;
				CLANG_WARN_BOOL_CONVERSION = YES;
				CLANG_WARN_COMMA = YES;
				CLANG_WARN_CONSTANT_CONVERSION = YES;
				CLANG_WARN_DEPRECATED_OBJC_IMPLEMENTATIONS = YES;
				CLANG_WARN_DIRECT_OBJC_ISA_USAGE = YES_ERROR;
				CLANG_WARN_DOCUMENTATION_COMMENTS = YES;
				CLANG_WARN_EMPTY_BODY = YES;
				CLANG_WARN_ENUM_CONVERSION = YES;
				CLANG_WARN_INFINITE_RECURSION = YES;
				CLANG_WARN_INT_CONVERSION = YES;
				CLANG_WARN_NON_LITERAL_NULL_CONVERSION = YES;
				CLANG_WARN_OBJC_IMPLICIT_RETAIN_SELF = YES;
				CLANG_WARN_OBJC_LITERAL_CONVERSION = YES;
				CLANG_WARN_OBJC_ROOT_CLASS = YES_ERROR;
				CLANG_WARN_QUOTED_INCLUDE_IN_FRAMEWORK_HEADER = YES;
				CLANG_WARN_RANGE_LOOP_ANALYSIS = YES;
				CLANG_WARN_STRICT_PROTOTYPES = YES;
				CLANG_WARN_SUSPICIOUS_MOVE = YES;
				CLANG_WARN_UNGUARDED_AVAILABILITY = YES_AGGRESSIVE;
				CLANG_WARN_UNREACHABLE_CODE = YES;
				CLANG_WARN__DUPLICATE_METHOD_MATCH = YES;
				COPY_PHASE_STRIP = NO;
				DEBUG_INFORMATION_FORMAT = dwarf;
				ENABLE_STRICT_OBJC_MSGSEND = YES;
				ENABLE_TESTABILITY = YES;
				GCC_C_LANGUAGE_STANDARD = gnu11;
				GCC_DYNAMIC_NO_PIC = NO;
				GCC_NO_COMMON_BLOCKS = YES;
				GCC_OPTIMIZATION_LEVEL = 0;
				GCC_PREPROCESSOR_DEFINITIONS = (
					"DEBUG=1",
					"$(inherited)",
				);
				GCC_WARN_64_TO_32_BIT_CONVERSION = YES;
				GCC_WARN_ABOUT_RETURN_TYPE = YES_ERROR;
				GCC_WARN_UNDECLARED_SELECTOR = YES;
				GCC_WARN_UNINITIALIZED_AUTOS = YES_AGGRESSIVE;
				GCC_WARN_UNUSED_FUNCTION = YES;
				GCC_WARN_UNUSED_VARIABLE = YES;
				IPHONEOS_DEPLOYMENT_TARGET = 15.2;
				MTL_ENABLE_DEBUG_INFO = INCLUDE_SOURCE;
				MTL_FAST_MATH = YES;
				ONLY_ACTIVE_ARCH = YES;
				SDKROOT = iphoneos;
				SWIFT_ACTIVE_COMPILATION_CONDITIONS = DEBUG;
				SWIFT_OPTIMIZATION_LEVEL = "-Onone";
			};
			name = Debug;
		};
		5BC4118227B5315000714C99 /* Release */ = {
			isa = XCBuildConfiguration;
			buildSettings = {
				ALWAYS_SEARCH_USER_PATHS = NO;
				CLANG_ANALYZER_NONNULL = YES;
				CLANG_ANALYZER_NUMBER_OBJECT_CONVERSION = YES_AGGRESSIVE;
				CLANG_CXX_LANGUAGE_STANDARD = "gnu++17";
				CLANG_CXX_LIBRARY = "libc++";
				CLANG_ENABLE_MODULES = YES;
				CLANG_ENABLE_OBJC_ARC = YES;
				CLANG_ENABLE_OBJC_WEAK = YES;
				CLANG_WARN_BLOCK_CAPTURE_AUTORELEASING = YES;
				CLANG_WARN_BOOL_CONVERSION = YES;
				CLANG_WARN_COMMA = YES;
				CLANG_WARN_CONSTANT_CONVERSION = YES;
				CLANG_WARN_DEPRECATED_OBJC_IMPLEMENTATIONS = YES;
				CLANG_WARN_DIRECT_OBJC_ISA_USAGE = YES_ERROR;
				CLANG_WARN_DOCUMENTATION_COMMENTS = YES;
				CLANG_WARN_EMPTY_BODY = YES;
				CLANG_WARN_ENUM_CONVERSION = YES;
				CLANG_WARN_INFINITE_RECURSION = YES;
				CLANG_WARN_INT_CONVERSION = YES;
				CLANG_WARN_NON_LITERAL_NULL_CONVERSION = YES;
				CLANG_WARN_OBJC_IMPLICIT_RETAIN_SELF = YES;
				CLANG_WARN_OBJC_LITERAL_CONVERSION = YES;
				CLANG_WARN_OBJC_ROOT_CLASS = YES_ERROR;
				CLANG_WARN_QUOTED_INCLUDE_IN_FRAMEWORK_HEADER = YES;
				CLANG_WARN_RANGE_LOOP_ANALYSIS = YES;
				CLANG_WARN_STRICT_PROTOTYPES = YES;
				CLANG_WARN_SUSPICIOUS_MOVE = YES;
				CLANG_WARN_UNGUARDED_AVAILABILITY = YES_AGGRESSIVE;
				CLANG_WARN_UNREACHABLE_CODE = YES;
				CLANG_WARN__DUPLICATE_METHOD_MATCH = YES;
				COPY_PHASE_STRIP = NO;
				DEBUG_INFORMATION_FORMAT = "dwarf-with-dsym";
				ENABLE_NS_ASSERTIONS = NO;
				ENABLE_STRICT_OBJC_MSGSEND = YES;
				GCC_C_LANGUAGE_STANDARD = gnu11;
				GCC_NO_COMMON_BLOCKS = YES;
				GCC_WARN_64_TO_32_BIT_CONVERSION = YES;
				GCC_WARN_ABOUT_RETURN_TYPE = YES_ERROR;
				GCC_WARN_UNDECLARED_SELECTOR = YES;
				GCC_WARN_UNINITIALIZED_AUTOS = YES_AGGRESSIVE;
				GCC_WARN_UNUSED_FUNCTION = YES;
				GCC_WARN_UNUSED_VARIABLE = YES;
				IPHONEOS_DEPLOYMENT_TARGET = 15.2;
				MTL_ENABLE_DEBUG_INFO = NO;
				MTL_FAST_MATH = YES;
				SDKROOT = iphoneos;
				SWIFT_COMPILATION_MODE = wholemodule;
				SWIFT_OPTIMIZATION_LEVEL = "-O";
				VALIDATE_PRODUCT = YES;
			};
			name = Release;
		};
		5BC4118427B5315000714C99 /* Debug */ = {
			isa = XCBuildConfiguration;
			baseConfigurationReference = 71F9195AA0E8CDE4137DE7A0 /* Pods-photolibrary.debug.xcconfig */;
			buildSettings = {
				ASSETCATALOG_COMPILER_APPICON_NAME = AppIcon;
				ASSETCATALOG_COMPILER_GLOBAL_ACCENT_COLOR_NAME = AccentColor;
				CODE_SIGN_STYLE = Automatic;
				CURRENT_PROJECT_VERSION = 1;
				DEVELOPMENT_TEAM = 5KN7ZZP532;
				GENERATE_INFOPLIST_FILE = YES;
				INFOPLIST_FILE = photolibrary/Info.plist;
				INFOPLIST_KEY_UIApplicationSupportsIndirectInputEvents = YES;
				INFOPLIST_KEY_UILaunchStoryboardName = LaunchScreen;
				INFOPLIST_KEY_UIMainStoryboardFile = Main;
				INFOPLIST_KEY_UISupportedInterfaceOrientations_iPad = "UIInterfaceOrientationPortrait UIInterfaceOrientationPortraitUpsideDown UIInterfaceOrientationLandscapeLeft UIInterfaceOrientationLandscapeRight";
				INFOPLIST_KEY_UISupportedInterfaceOrientations_iPhone = "UIInterfaceOrientationPortrait UIInterfaceOrientationLandscapeLeft UIInterfaceOrientationLandscapeRight";
				LD_RUNPATH_SEARCH_PATHS = (
					"$(inherited)",
					"@executable_path/Frameworks",
				);
				MARKETING_VERSION = 1.0;
				PRODUCT_BUNDLE_IDENTIFIER = test.photolibrary;
				PRODUCT_NAME = "$(TARGET_NAME)";
				SWIFT_EMIT_LOC_STRINGS = YES;
				SWIFT_VERSION = 5.0;
				TARGETED_DEVICE_FAMILY = "1,2";
			};
			name = Debug;
		};
		5BC4118527B5315000714C99 /* Release */ = {
			isa = XCBuildConfiguration;
			baseConfigurationReference = 9009FE1F758C95B54151BD8A /* Pods-photolibrary.release.xcconfig */;
			buildSettings = {
				ASSETCATALOG_COMPILER_APPICON_NAME = AppIcon;
				ASSETCATALOG_COMPILER_GLOBAL_ACCENT_COLOR_NAME = AccentColor;
				CODE_SIGN_STYLE = Automatic;
				CURRENT_PROJECT_VERSION = 1;
				DEVELOPMENT_TEAM = 5KN7ZZP532;
				GENERATE_INFOPLIST_FILE = YES;
				INFOPLIST_FILE = photolibrary/Info.plist;
				INFOPLIST_KEY_UIApplicationSupportsIndirectInputEvents = YES;
				INFOPLIST_KEY_UILaunchStoryboardName = LaunchScreen;
				INFOPLIST_KEY_UIMainStoryboardFile = Main;
				INFOPLIST_KEY_UISupportedInterfaceOrientations_iPad = "UIInterfaceOrientationPortrait UIInterfaceOrientationPortraitUpsideDown UIInterfaceOrientationLandscapeLeft UIInterfaceOrientationLandscapeRight";
				INFOPLIST_KEY_UISupportedInterfaceOrientations_iPhone = "UIInterfaceOrientationPortrait UIInterfaceOrientationLandscapeLeft UIInterfaceOrientationLandscapeRight";
				LD_RUNPATH_SEARCH_PATHS = (
					"$(inherited)",
					"@executable_path/Frameworks",
				);
				MARKETING_VERSION = 1.0;
				PRODUCT_BUNDLE_IDENTIFIER = test.photolibrary;
				PRODUCT_NAME = "$(TARGET_NAME)";
				SWIFT_EMIT_LOC_STRINGS = YES;
				SWIFT_VERSION = 5.0;
				TARGETED_DEVICE_FAMILY = "1,2";
			};
			name = Release;
		};
		5BC4118727B5315000714C99 /* Debug */ = {
			isa = XCBuildConfiguration;
			buildSettings = {
				ALWAYS_EMBED_SWIFT_STANDARD_LIBRARIES = YES;
				BUNDLE_LOADER = "$(TEST_HOST)";
				CODE_SIGN_STYLE = Automatic;
				CURRENT_PROJECT_VERSION = 1;
				DEVELOPMENT_TEAM = 5KN7ZZP532;
				GENERATE_INFOPLIST_FILE = YES;
				IPHONEOS_DEPLOYMENT_TARGET = 15.2;
				MARKETING_VERSION = 1.0;
				PRODUCT_BUNDLE_IDENTIFIER = test.photolibraryTests;
				PRODUCT_NAME = "$(TARGET_NAME)";
				SWIFT_EMIT_LOC_STRINGS = NO;
				SWIFT_VERSION = 5.0;
				TARGETED_DEVICE_FAMILY = "1,2";
				TEST_HOST = "$(BUILT_PRODUCTS_DIR)/photolibrary.app/photolibrary";
			};
			name = Debug;
		};
		5BC4118827B5315000714C99 /* Release */ = {
			isa = XCBuildConfiguration;
			buildSettings = {
				ALWAYS_EMBED_SWIFT_STANDARD_LIBRARIES = YES;
				BUNDLE_LOADER = "$(TEST_HOST)";
				CODE_SIGN_STYLE = Automatic;
				CURRENT_PROJECT_VERSION = 1;
				DEVELOPMENT_TEAM = 5KN7ZZP532;
				GENERATE_INFOPLIST_FILE = YES;
				IPHONEOS_DEPLOYMENT_TARGET = 15.2;
				MARKETING_VERSION = 1.0;
				PRODUCT_BUNDLE_IDENTIFIER = test.photolibraryTests;
				PRODUCT_NAME = "$(TARGET_NAME)";
				SWIFT_EMIT_LOC_STRINGS = NO;
				SWIFT_VERSION = 5.0;
				TARGETED_DEVICE_FAMILY = "1,2";
				TEST_HOST = "$(BUILT_PRODUCTS_DIR)/photolibrary.app/photolibrary";
			};
			name = Release;
		};
		5BC4118A27B5315000714C99 /* Debug */ = {
			isa = XCBuildConfiguration;
			buildSettings = {
				ALWAYS_EMBED_SWIFT_STANDARD_LIBRARIES = YES;
				CODE_SIGN_STYLE = Automatic;
				CURRENT_PROJECT_VERSION = 1;
				DEVELOPMENT_TEAM = 5KN7ZZP532;
				GENERATE_INFOPLIST_FILE = YES;
				MARKETING_VERSION = 1.0;
				PRODUCT_BUNDLE_IDENTIFIER = test.photolibraryUITests;
				PRODUCT_NAME = "$(TARGET_NAME)";
				SWIFT_EMIT_LOC_STRINGS = NO;
				SWIFT_VERSION = 5.0;
				TARGETED_DEVICE_FAMILY = "1,2";
				TEST_TARGET_NAME = photolibrary;
			};
			name = Debug;
		};
		5BC4118B27B5315000714C99 /* Release */ = {
			isa = XCBuildConfiguration;
			buildSettings = {
				ALWAYS_EMBED_SWIFT_STANDARD_LIBRARIES = YES;
				CODE_SIGN_STYLE = Automatic;
				CURRENT_PROJECT_VERSION = 1;
				DEVELOPMENT_TEAM = 5KN7ZZP532;
				GENERATE_INFOPLIST_FILE = YES;
				MARKETING_VERSION = 1.0;
				PRODUCT_BUNDLE_IDENTIFIER = test.photolibraryUITests;
				PRODUCT_NAME = "$(TARGET_NAME)";
				SWIFT_EMIT_LOC_STRINGS = NO;
				SWIFT_VERSION = 5.0;
				TARGETED_DEVICE_FAMILY = "1,2";
				TEST_TARGET_NAME = photolibrary;
			};
			name = Release;
		};
/* End XCBuildConfiguration section */

/* Begin XCConfigurationList section */
		5BC4115427B5314F00714C99 /* Build configuration list for PBXProject "photolibrary" */ = {
			isa = XCConfigurationList;
			buildConfigurations = (
				5BC4118127B5315000714C99 /* Debug */,
				5BC4118227B5315000714C99 /* Release */,
			);
			defaultConfigurationIsVisible = 0;
			defaultConfigurationName = Release;
		};
		5BC4118327B5315000714C99 /* Build configuration list for PBXNativeTarget "photolibrary" */ = {
			isa = XCConfigurationList;
			buildConfigurations = (
				5BC4118427B5315000714C99 /* Debug */,
				5BC4118527B5315000714C99 /* Release */,
			);
			defaultConfigurationIsVisible = 0;
			defaultConfigurationName = Release;
		};
		5BC4118627B5315000714C99 /* Build configuration list for PBXNativeTarget "photolibraryTests" */ = {
			isa = XCConfigurationList;
			buildConfigurations = (
				5BC4118727B5315000714C99 /* Debug */,
				5BC4118827B5315000714C99 /* Release */,
			);
			defaultConfigurationIsVisible = 0;
			defaultConfigurationName = Release;
		};
		5BC4118927B5315000714C99 /* Build configuration list for PBXNativeTarget "photolibraryUITests" */ = {
			isa = XCConfigurationList;
			buildConfigurations = (
				5BC4118A27B5315000714C99 /* Debug */,
				5BC4118B27B5315000714C99 /* Release */,
			);
			defaultConfigurationIsVisible = 0;
			defaultConfigurationName = Release;
		};
/* End XCConfigurationList section */
	};
	rootObject = 5BC4115127B5314F00714C99 /* Project object */;
}
